
Microsoft Visual Studio Solution File, Format Version 12.00
# Visual Studio Version 17
VisualStudioVersion = 17.1.32407.343
MinimumVisualStudioVersion = 10.0.40219.1
Project("{FAE04EC0-301F-11D3-BF4B-00C04F79EFBC}") = "AngularProjectQuestinMark", "AngularProjectQuestinMark\AngularProjectQuestinMark.csproj", "{4B7CF44E-4236-48A4-804F-56B6D17FBFF3}"
EndProject
Global
	GlobalSection(SolutionConfigurationPlatforms) = preSolution
		Debug|Any CPU = Debug|Any CPU
		Release|Any CPU = Release|Any CPU
	EndGlobalSection
	GlobalSection(ProjectConfigurationPlatforms) = postSolution
		{4B7CF44E-4236-48A4-804F-56B6D17FBFF3}.Debug|Any CPU.ActiveCfg = Debug|Any CPU
		{4B7CF44E-4236-48A4-804F-56B6D17FBFF3}.Debug|Any CPU.Build.0 = Debug|Any CPU
		{4B7CF44E-4236-48A4-804F-56B6D17FBFF3}.Release|Any CPU.ActiveCfg = Release|Any CPU
		{4B7CF44E-4236-48A4-804F-56B6D17FBFF3}.Release|Any CPU.Build.0 = Release|Any CPU
	EndGlobalSection
	GlobalSection(SolutionProperties) = preSolution
		HideSolutionNode = FALSE
	EndGlobalSection
	GlobalSection(ExtensibilityGlobals) = postSolution
		SolutionGuid = {36361CEF-DFD0-4ED0-93FD-003F8BECC3A1}
	EndGlobalSection
EndGlobal
